
Microsoft Visual Studio Solution File, Format Version 12.00
# Visual Studio Version 17
VisualStudioVersion = 17.8.34511.84
MinimumVisualStudioVersion = 10.0.40219.1
Project("{FAE04EC0-301F-11D3-BF4B-00C04F79EFBC}") = "001_Classes", "001_Classes.csproj", "{FD208795-7768-481D-921E-43AFEA5C36AA}"
EndProject
Global
	GlobalSection(SolutionConfigurationPlatforms) = preSolution
		Debug|Any CPU = Debug|Any CPU
		Release|Any CPU = Release|Any CPU
	EndGlobalSection
	GlobalSection(ProjectConfigurationPlatforms) = postSolution
		{FD208795-7768-481D-921E-43AFEA5C36AA}.Debug|Any CPU.ActiveCfg = Debug|Any CPU
		{FD208795-7768-481D-921E-43AFEA5C36AA}.Debug|Any CPU.Build.0 = Debug|Any CPU
		{FD208795-7768-481D-921E-43AFEA5C36AA}.Release|Any CPU.ActiveCfg = Release|Any CPU
		{FD208795-7768-481D-921E-43AFEA5C36AA}.Release|Any CPU.Build.0 = Release|Any CPU
	EndGlobalSection
	GlobalSection(SolutionProperties) = preSolution
		HideSolutionNode = FALSE
	EndGlobalSection
	GlobalSection(ExtensibilityGlobals) = postSolution
		SolutionGuid = {88CC279B-4057-4851-A0AD-CC68067B2575}
	EndGlobalSection
EndGlobal
